// !$*UTF8*$!
{
	archiveVersion = 1;
	classes = {
	};
	objectVersion = 50;
	objects = {

/* Begin PBXBuildFile section */
		38EEBD8123E252D2003869E5 /* AppDelegate.swift in Sources */ = {isa = PBXBuildFile; fileRef = 38EEBD8023E252D2003869E5 /* AppDelegate.swift */; };
		38EEBD8323E252D2003869E5 /* MainViewController.swift in Sources */ = {isa = PBXBuildFile; fileRef = 38EEBD8223E252D2003869E5 /* MainViewController.swift */; };
		38EEBD8823E252D3003869E5 /* Assets.xcassets in Resources */ = {isa = PBXBuildFile; fileRef = 38EEBD8723E252D3003869E5 /* Assets.xcassets */; };
		38EEBD9623E252D3003869E5 /* RSS_GeneratorTests.swift in Sources */ = {isa = PBXBuildFile; fileRef = 38EEBD9523E252D3003869E5 /* RSS_GeneratorTests.swift */; };
		38EEBDA123E252D3003869E5 /* RSS_GeneratorUITests.swift in Sources */ = {isa = PBXBuildFile; fileRef = 38EEBDA023E252D3003869E5 /* RSS_GeneratorUITests.swift */; };
		38EEBDAF23E25312003869E5 /* NetworkLayer.swift in Sources */ = {isa = PBXBuildFile; fileRef = 38EEBDAE23E25312003869E5 /* NetworkLayer.swift */; };
		38EEBDB123E256B2003869E5 /* RSSModel.swift in Sources */ = {isa = PBXBuildFile; fileRef = 38EEBDB023E256B2003869E5 /* RSSModel.swift */; };
		38EEBDB323E26111003869E5 /* MainViewCell.swift in Sources */ = {isa = PBXBuildFile; fileRef = 38EEBDB223E26111003869E5 /* MainViewCell.swift */; };
		38EEBDB523E261C6003869E5 /* UIView-Extension.swift in Sources */ = {isa = PBXBuildFile; fileRef = 38EEBDB423E261C6003869E5 /* UIView-Extension.swift */; };
		38EEBDB723E268D3003869E5 /* CatchedImageView.swift in Sources */ = {isa = PBXBuildFile; fileRef = 38EEBDB623E268D3003869E5 /* CatchedImageView.swift */; };
		38EEBDBA23E26D62003869E5 /* DetailViewController.swift in Sources */ = {isa = PBXBuildFile; fileRef = 38EEBDB923E26D62003869E5 /* DetailViewController.swift */; };
/* End PBXBuildFile section */

/* Begin PBXContainerItemProxy section */
		38EEBD9223E252D3003869E5 /* PBXContainerItemProxy */ = {
			isa = PBXContainerItemProxy;
			containerPortal = 38EEBD7523E252D2003869E5 /* Project object */;
			proxyType = 1;
			remoteGlobalIDString = 38EEBD7C23E252D2003869E5;
			remoteInfo = "RSS-Generator";
		};
		38EEBD9D23E252D3003869E5 /* PBXContainerItemProxy */ = {
			isa = PBXContainerItemProxy;
			containerPortal = 38EEBD7523E252D2003869E5 /* Project object */;
			proxyType = 1;
			remoteGlobalIDString = 38EEBD7C23E252D2003869E5;
			remoteInfo = "RSS-Generator";
		};
/* End PBXContainerItemProxy section */

/* Begin PBXFileReference section */
		38EEBD7D23E252D2003869E5 /* RSS-Generator.app */ = {isa = PBXFileReference; explicitFileType = wrapper.application; includeInIndex = 0; path = "RSS-Generator.app"; sourceTree = BUILT_PRODUCTS_DIR; };
		38EEBD8023E252D2003869E5 /* AppDelegate.swift */ = {isa = PBXFileReference; lastKnownFileType = sourcecode.swift; path = AppDelegate.swift; sourceTree = "<group>"; };
		38EEBD8223E252D2003869E5 /* MainViewController.swift */ = {isa = PBXFileReference; lastKnownFileType = sourcecode.swift; path = MainViewController.swift; sourceTree = "<group>"; };
		38EEBD8723E252D3003869E5 /* Assets.xcassets */ = {isa = PBXFileReference; lastKnownFileType = folder.assetcatalog; path = Assets.xcassets; sourceTree = "<group>"; };
		38EEBD8C23E252D3003869E5 /* Info.plist */ = {isa = PBXFileReference; lastKnownFileType = text.plist.xml; path = Info.plist; sourceTree = "<group>"; };
		38EEBD9123E252D3003869E5 /* RSS-GeneratorTests.xctest */ = {isa = PBXFileReference; explicitFileType = wrapper.cfbundle; includeInIndex = 0; path = "RSS-GeneratorTests.xctest"; sourceTree = BUILT_PRODUCTS_DIR; };
		38EEBD9523E252D3003869E5 /* RSS_GeneratorTests.swift */ = {isa = PBXFileReference; lastKnownFileType = sourcecode.swift; path = RSS_GeneratorTests.swift; sourceTree = "<group>"; };
		38EEBD9723E252D3003869E5 /* Info.plist */ = {isa = PBXFileReference; lastKnownFileType = text.plist.xml; path = Info.plist; sourceTree = "<group>"; };
		38EEBD9C23E252D3003869E5 /* RSS-GeneratorUITests.xctest */ = {isa = PBXFileReference; explicitFileType = wrapper.cfbundle; includeInIndex = 0; path = "RSS-GeneratorUITests.xctest"; sourceTree = BUILT_PRODUCTS_DIR; };
		38EEBDA023E252D3003869E5 /* RSS_GeneratorUITests.swift */ = {isa = PBXFileReference; lastKnownFileType = sourcecode.swift; path = RSS_GeneratorUITests.swift; sourceTree = "<group>"; };
		38EEBDA223E252D3003869E5 /* Info.plist */ = {isa = PBXFileReference; lastKnownFileType = text.plist.xml; path = Info.plist; sourceTree = "<group>"; };
		38EEBDAE23E25312003869E5 /* NetworkLayer.swift */ = {isa = PBXFileReference; lastKnownFileType = sourcecode.swift; path = NetworkLayer.swift; sourceTree = "<group>"; };
		38EEBDB023E256B2003869E5 /* RSSModel.swift */ = {isa = PBXFileReference; lastKnownFileType = sourcecode.swift; path = RSSModel.swift; sourceTree = "<group>"; };
		38EEBDB223E26111003869E5 /* MainViewCell.swift */ = {isa = PBXFileReference; lastKnownFileType = sourcecode.swift; path = MainViewCell.swift; sourceTree = "<group>"; };
		38EEBDB423E261C6003869E5 /* UIView-Extension.swift */ = {isa = PBXFileReference; lastKnownFileType = sourcecode.swift; path = "UIView-Extension.swift"; sourceTree = "<group>"; };
		38EEBDB623E268D3003869E5 /* CatchedImageView.swift */ = {isa = PBXFileReference; lastKnownFileType = sourcecode.swift; path = CatchedImageView.swift; sourceTree = "<group>"; };
		38EEBDB923E26D62003869E5 /* DetailViewController.swift */ = {isa = PBXFileReference; lastKnownFileType = sourcecode.swift; path = DetailViewController.swift; sourceTree = "<group>"; };
/* End PBXFileReference section */

/* Begin PBXFrameworksBuildPhase section */
		38EEBD7A23E252D2003869E5 /* Frameworks */ = {
			isa = PBXFrameworksBuildPhase;
			buildActionMask = 2147483647;
			files = (
			);
			runOnlyForDeploymentPostprocessing = 0;
		};
		38EEBD8E23E252D3003869E5 /* Frameworks */ = {
			isa = PBXFrameworksBuildPhase;
			buildActionMask = 2147483647;
			files = (
			);
			runOnlyForDeploymentPostprocessing = 0;
		};
		38EEBD9923E252D3003869E5 /* Frameworks */ = {
			isa = PBXFrameworksBuildPhase;
			buildActionMask = 2147483647;
			files = (
			);
			runOnlyForDeploymentPostprocessing = 0;
		};
/* End PBXFrameworksBuildPhase section */

/* Begin PBXGroup section */
		38EEBD7423E252D2003869E5 = {
			isa = PBXGroup;
			children = (
				38EEBD7F23E252D2003869E5 /* RSS-Generator */,
				38EEBD9423E252D3003869E5 /* RSS-GeneratorTests */,
				38EEBD9F23E252D3003869E5 /* RSS-GeneratorUITests */,
				38EEBD7E23E252D2003869E5 /* Products */,
			);
			sourceTree = "<group>";
		};
		38EEBD7E23E252D2003869E5 /* Products */ = {
			isa = PBXGroup;
			children = (
				38EEBD7D23E252D2003869E5 /* RSS-Generator.app */,
				38EEBD9123E252D3003869E5 /* RSS-GeneratorTests.xctest */,
				38EEBD9C23E252D3003869E5 /* RSS-GeneratorUITests.xctest */,
			);
			name = Products;
			sourceTree = "<group>";
		};
		38EEBD7F23E252D2003869E5 /* RSS-Generator */ = {
			isa = PBXGroup;
			children = (
				38EEBD8023E252D2003869E5 /* AppDelegate.swift */,
				38EEBDBB23E27521003869E5 /* Model */,
				38EEBDBC23E27526003869E5 /* Views */,
				38EEBDB823E26D4C003869E5 /* ViewControllers */,
				38EEBDBD23E2752A003869E5 /* Helper */,
				38EEBD8723E252D3003869E5 /* Assets.xcassets */,
				38EEBD8C23E252D3003869E5 /* Info.plist */,
			);
			path = "RSS-Generator";
			sourceTree = "<group>";
		};
		38EEBD9423E252D3003869E5 /* RSS-GeneratorTests */ = {
			isa = PBXGroup;
			children = (
				38EEBD9523E252D3003869E5 /* RSS_GeneratorTests.swift */,
				38EEBD9723E252D3003869E5 /* Info.plist */,
			);
			path = "RSS-GeneratorTests";
			sourceTree = "<group>";
		};
		38EEBD9F23E252D3003869E5 /* RSS-GeneratorUITests */ = {
			isa = PBXGroup;
			children = (
				38EEBDA023E252D3003869E5 /* RSS_GeneratorUITests.swift */,
				38EEBDA223E252D3003869E5 /* Info.plist */,
			);
			path = "RSS-GeneratorUITests";
			sourceTree = "<group>";
		};
		38EEBDB823E26D4C003869E5 /* ViewControllers */ = {
			isa = PBXGroup;
			children = (
				38EEBD8223E252D2003869E5 /* MainViewController.swift */,
				38EEBDB923E26D62003869E5 /* DetailViewController.swift */,
			);
			path = ViewControllers;
			sourceTree = "<group>";
		};
		38EEBDBB23E27521003869E5 /* Model */ = {
			isa = PBXGroup;
			children = (
				38EEBDB023E256B2003869E5 /* RSSModel.swift */,
			);
			path = Model;
			sourceTree = "<group>";
		};
		38EEBDBC23E27526003869E5 /* Views */ = {
			isa = PBXGroup;
			children = (
				38EEBDB223E26111003869E5 /* MainViewCell.swift */,
			);
			path = Views;
			sourceTree = "<group>";
		};
		38EEBDBD23E2752A003869E5 /* Helper */ = {
			isa = PBXGroup;
			children = (
				38EEBDB623E268D3003869E5 /* CatchedImageView.swift */,
				38EEBDB423E261C6003869E5 /* UIView-Extension.swift */,
				38EEBDAE23E25312003869E5 /* NetworkLayer.swift */,
			);
			path = Helper;
			sourceTree = "<group>";
		};
/* End PBXGroup section */

/* Begin PBXNativeTarget section */
		38EEBD7C23E252D2003869E5 /* RSS-Generator */ = {
			isa = PBXNativeTarget;
			buildConfigurationList = 38EEBDA523E252D3003869E5 /* Build configuration list for PBXNativeTarget "RSS-Generator" */;
			buildPhases = (
				38EEBD7923E252D2003869E5 /* Sources */,
				38EEBD7A23E252D2003869E5 /* Frameworks */,
				38EEBD7B23E252D2003869E5 /* Resources */,
			);
			buildRules = (
			);
			dependencies = (
			);
			name = "RSS-Generator";
			productName = "RSS-Generator";
			productReference = 38EEBD7D23E252D2003869E5 /* RSS-Generator.app */;
			productType = "com.apple.product-type.application";
		};
		38EEBD9023E252D3003869E5 /* RSS-GeneratorTests */ = {
			isa = PBXNativeTarget;
			buildConfigurationList = 38EEBDA823E252D3003869E5 /* Build configuration list for PBXNativeTarget "RSS-GeneratorTests" */;
			buildPhases = (
				38EEBD8D23E252D3003869E5 /* Sources */,
				38EEBD8E23E252D3003869E5 /* Frameworks */,
				38EEBD8F23E252D3003869E5 /* Resources */,
			);
			buildRules = (
			);
			dependencies = (
				38EEBD9323E252D3003869E5 /* PBXTargetDependency */,
			);
			name = "RSS-GeneratorTests";
			productName = "RSS-GeneratorTests";
			productReference = 38EEBD9123E252D3003869E5 /* RSS-GeneratorTests.xctest */;
			productType = "com.apple.product-type.bundle.unit-test";
		};
		38EEBD9B23E252D3003869E5 /* RSS-GeneratorUITests */ = {
			isa = PBXNativeTarget;
			buildConfigurationList = 38EEBDAB23E252D3003869E5 /* Build configuration list for PBXNativeTarget "RSS-GeneratorUITests" */;
			buildPhases = (
				38EEBD9823E252D3003869E5 /* Sources */,
				38EEBD9923E252D3003869E5 /* Frameworks */,
				38EEBD9A23E252D3003869E5 /* Resources */,
			);
			buildRules = (
			);
			dependencies = (
				38EEBD9E23E252D3003869E5 /* PBXTargetDependency */,
			);
			name = "RSS-GeneratorUITests";
			productName = "RSS-GeneratorUITests";
			productReference = 38EEBD9C23E252D3003869E5 /* RSS-GeneratorUITests.xctest */;
			productType = "com.apple.product-type.bundle.ui-testing";
		};
/* End PBXNativeTarget section */

/* Begin PBXProject section */
		38EEBD7523E252D2003869E5 /* Project object */ = {
			isa = PBXProject;
			attributes = {
				LastSwiftUpdateCheck = 1010;
				LastUpgradeCheck = 1010;
				ORGANIZATIONNAME = zijia;
				TargetAttributes = {
					38EEBD7C23E252D2003869E5 = {
						CreatedOnToolsVersion = 10.1;
					};
					38EEBD9023E252D3003869E5 = {
						CreatedOnToolsVersion = 10.1;
						TestTargetID = 38EEBD7C23E252D2003869E5;
					};
					38EEBD9B23E252D3003869E5 = {
						CreatedOnToolsVersion = 10.1;
						TestTargetID = 38EEBD7C23E252D2003869E5;
					};
				};
			};
			buildConfigurationList = 38EEBD7823E252D2003869E5 /* Build configuration list for PBXProject "RSS-Generator" */;
			compatibilityVersion = "Xcode 9.3";
			developmentRegion = en;
			hasScannedForEncodings = 0;
			knownRegions = (
				en,
				Base,
			);
			mainGroup = 38EEBD7423E252D2003869E5;
			productRefGroup = 38EEBD7E23E252D2003869E5 /* Products */;
			projectDirPath = "";
			projectRoot = "";
			targets = (
				38EEBD7C23E252D2003869E5 /* RSS-Generator */,
				38EEBD9023E252D3003869E5 /* RSS-GeneratorTests */,
				38EEBD9B23E252D3003869E5 /* RSS-GeneratorUITests */,
			);
		};
/* End PBXProject section */

/* Begin PBXResourcesBuildPhase section */
		38EEBD7B23E252D2003869E5 /* Resources */ = {
			isa = PBXResourcesBuildPhase;
			buildActionMask = 2147483647;
			files = (
				38EEBD8823E252D3003869E5 /* Assets.xcassets in Resources */,
			);
			runOnlyForDeploymentPostprocessing = 0;
		};
		38EEBD8F23E252D3003869E5 /* Resources */ = {
			isa = PBXResourcesBuildPhase;
			buildActionMask = 2147483647;
			files = (
			);
			runOnlyForDeploymentPostprocessing = 0;
		};
		38EEBD9A23E252D3003869E5 /* Resources */ = {
			isa = PBXResourcesBuildPhase;
			buildActionMask = 2147483647;
			files = (
			);
			runOnlyForDeploymentPostprocessing = 0;
		};
/* End PBXResourcesBuildPhase section */

/* Begin PBXSourcesBuildPhase section */
		38EEBD7923E252D2003869E5 /* Sources */ = {
			isa = PBXSourcesBuildPhase;
			buildActionMask = 2147483647;
			files = (
				38EEBDB523E261C6003869E5 /* UIView-Extension.swift in Sources */,
				38EEBDB323E26111003869E5 /* MainViewCell.swift in Sources */,
				38EEBDAF23E25312003869E5 /* NetworkLayer.swift in Sources */,
				38EEBD8323E252D2003869E5 /* MainViewController.swift in Sources */,
				38EEBDB123E256B2003869E5 /* RSSModel.swift in Sources */,
				38EEBDB723E268D3003869E5 /* CatchedImageView.swift in Sources */,
				38EEBD8123E252D2003869E5 /* AppDelegate.swift in Sources */,
				38EEBDBA23E26D62003869E5 /* DetailViewController.swift in Sources */,
			);
			runOnlyForDeploymentPostprocessing = 0;
		};
		38EEBD8D23E252D3003869E5 /* Sources */ = {
			isa = PBXSourcesBuildPhase;
			buildActionMask = 2147483647;
			files = (
				38EEBD9623E252D3003869E5 /* RSS_GeneratorTests.swift in Sources */,
			);
			runOnlyForDeploymentPostprocessing = 0;
		};
		38EEBD9823E252D3003869E5 /* Sources */ = {
			isa = PBXSourcesBuildPhase;
			buildActionMask = 2147483647;
			files = (
				38EEBDA123E252D3003869E5 /* RSS_GeneratorUITests.swift in Sources */,
			);
			runOnlyForDeploymentPostprocessing = 0;
		};
/* End PBXSourcesBuildPhase section */

/* Begin PBXTargetDependency section */
		38EEBD9323E252D3003869E5 /* PBXTargetDependency */ = {
			isa = PBXTargetDependency;
			target = 38EEBD7C23E252D2003869E5 /* RSS-Generator */;
			targetProxy = 38EEBD9223E252D3003869E5 /* PBXContainerItemProxy */;
		};
		38EEBD9E23E252D3003869E5 /* PBXTargetDependency */ = {
			isa = PBXTargetDependency;
			target = 38EEBD7C23E252D2003869E5 /* RSS-Generator */;
			targetProxy = 38EEBD9D23E252D3003869E5 /* PBXContainerItemProxy */;
		};
/* End PBXTargetDependency section */

/* Begin XCBuildConfiguration section */
		38EEBDA323E252D3003869E5 /* Debug */ = {
			isa = XCBuildConfiguration;
			buildSettings = {
				ALWAYS_SEARCH_USER_PATHS = NO;
				CLANG_ANALYZER_NONNULL = YES;
				CLANG_ANALYZER_NUMBER_OBJECT_CONVERSION = YES_AGGRESSIVE;
				CLANG_CXX_LANGUAGE_STANDARD = "gnu++14";
				CLANG_CXX_LIBRARY = "libc++";
				CLANG_ENABLE_MODULES = YES;
				CLANG_ENABLE_OBJC_ARC = YES;
				CLANG_ENABLE_OBJC_WEAK = YES;
				CLANG_WARN_BLOCK_CAPTURE_AUTORELEASING = YES;
				CLANG_WARN_BOOL_CONVERSION = YES;
				CLANG_WARN_COMMA = YES;
				CLANG_WARN_CONSTANT_CONVERSION = YES;
				CLANG_WARN_DEPRECATED_OBJC_IMPLEMENTATIONS = YES;
				CLANG_WARN_DIRECT_OBJC_ISA_USAGE = YES_ERROR;
				CLANG_WARN_DOCUMENTATION_COMMENTS = YES;
				CLANG_WARN_EMPTY_BODY = YES;
				CLANG_WARN_ENUM_CONVERSION = YES;
				CLANG_WARN_INFINITE_RECURSION = YES;
				CLANG_WARN_INT_CONVERSION = YES;
				CLANG_WARN_NON_LITERAL_NULL_CONVERSION = YES;
				CLANG_WARN_OBJC_IMPLICIT_RETAIN_SELF = YES;
				CLANG_WARN_OBJC_LITERAL_CONVERSION = YES;
				CLANG_WARN_OBJC_ROOT_CLASS = YES_ERROR;
				CLANG_WARN_RANGE_LOOP_ANALYSIS = YES;
				CLANG_WARN_STRICT_PROTOTYPES = YES;
				CLANG_WARN_SUSPICIOUS_MOVE = YES;
				CLANG_WARN_UNGUARDED_AVAILABILITY = YES_AGGRESSIVE;
				CLANG_WARN_UNREACHABLE_CODE = YES;
				CLANG_WARN__DUPLICATE_METHOD_MATCH = YES;
				CODE_SIGN_IDENTITY = "iPhone Developer";
				COPY_PHASE_STRIP = NO;
				DEBUG_INFORMATION_FORMAT = dwarf;
				ENABLE_STRICT_OBJC_MSGSEND = YES;
				ENABLE_TESTABILITY = YES;
				GCC_C_LANGUAGE_STANDARD = gnu11;
				GCC_DYNAMIC_NO_PIC = NO;
				GCC_NO_COMMON_BLOCKS = YES;
				GCC_OPTIMIZATION_LEVEL = 0;
				GCC_PREPROCESSOR_DEFINITIONS = (
					"DEBUG=1",
					"$(inherited)",
				);
				GCC_WARN_64_TO_32_BIT_CONVERSION = YES;
				GCC_WARN_ABOUT_RETURN_TYPE = YES_ERROR;
				GCC_WARN_UNDECLARED_SELECTOR = YES;
				GCC_WARN_UNINITIALIZED_AUTOS = YES_AGGRESSIVE;
				GCC_WARN_UNUSED_FUNCTION = YES;
				GCC_WARN_UNUSED_VARIABLE = YES;
				IPHONEOS_DEPLOYMENT_TARGET = 12.1;
				MTL_ENABLE_DEBUG_INFO = INCLUDE_SOURCE;
				MTL_FAST_MATH = YES;
				ONLY_ACTIVE_ARCH = YES;
				SDKROOT = iphoneos;
				SWIFT_ACTIVE_COMPILATION_CONDITIONS = DEBUG;
				SWIFT_OPTIMIZATION_LEVEL = "-Onone";
			};
			name = Debug;
		};
		38EEBDA423E252D3003869E5 /* Release */ = {
			isa = XCBuildConfiguration;
			buildSettings = {
				ALWAYS_SEARCH_USER_PATHS = NO;
				CLANG_ANALYZER_NONNULL = YES;
				CLANG_ANALYZER_NUMBER_OBJECT_CONVERSION = YES_AGGRESSIVE;
				CLANG_CXX_LANGUAGE_STANDARD = "gnu++14";
				CLANG_CXX_LIBRARY = "libc++";
				CLANG_ENABLE_MODULES = YES;
				CLANG_ENABLE_OBJC_ARC = YES;
				CLANG_ENABLE_OBJC_WEAK = YES;
				CLANG_WARN_BLOCK_CAPTURE_AUTORELEASING = YES;
				CLANG_WARN_BOOL_CONVERSION = YES;
				CLANG_WARN_COMMA = YES;
				CLANG_WARN_CONSTANT_CONVERSION = YES;
				CLANG_WARN_DEPRECATED_OBJC_IMPLEMENTATIONS = YES;
				CLANG_WARN_DIRECT_OBJC_ISA_USAGE = YES_ERROR;
				CLANG_WARN_DOCUMENTATION_COMMENTS = YES;
				CLANG_WARN_EMPTY_BODY = YES;
				CLANG_WARN_ENUM_CONVERSION = YES;
				CLANG_WARN_INFINITE_RECURSION = YES;
				CLANG_WARN_INT_CONVERSION = YES;
				CLANG_WARN_NON_LITERAL_NULL_CONVERSION = YES;
				CLANG_WARN_OBJC_IMPLICIT_RETAIN_SELF = YES;
				CLANG_WARN_OBJC_LITERAL_CONVERSION = YES;
				CLANG_WARN_OBJC_ROOT_CLASS = YES_ERROR;
				CLANG_WARN_RANGE_LOOP_ANALYSIS = YES;
				CLANG_WARN_STRICT_PROTOTYPES = YES;
				CLANG_WARN_SUSPICIOUS_MOVE = YES;
				CLANG_WARN_UNGUARDED_AVAILABILITY = YES_AGGRESSIVE;
				CLANG_WARN_UNREACHABLE_CODE = YES;
				CLANG_WARN__DUPLICATE_METHOD_MATCH = YES;
				CODE_SIGN_IDENTITY = "iPhone Developer";
				COPY_PHASE_STRIP = NO;
				DEBUG_INFORMATION_FORMAT = "dwarf-with-dsym";
				ENABLE_NS_ASSERTIONS = NO;
				ENABLE_STRICT_OBJC_MSGSEND = YES;
				GCC_C_LANGUAGE_STANDARD = gnu11;
				GCC_NO_COMMON_BLOCKS = YES;
				GCC_WARN_64_TO_32_BIT_CONVERSION = YES;
				GCC_WARN_ABOUT_RETURN_TYPE = YES_ERROR;
				GCC_WARN_UNDECLARED_SELECTOR = YES;
				GCC_WARN_UNINITIALIZED_AUTOS = YES_AGGRESSIVE;
				GCC_WARN_UNUSED_FUNCTION = YES;
				GCC_WARN_UNUSED_VARIABLE = YES;
				IPHONEOS_DEPLOYMENT_TARGET = 12.1;
				MTL_ENABLE_DEBUG_INFO = NO;
				MTL_FAST_MATH = YES;
				SDKROOT = iphoneos;
				SWIFT_COMPILATION_MODE = wholemodule;
				SWIFT_OPTIMIZATION_LEVEL = "-O";
				VALIDATE_PRODUCT = YES;
			};
			name = Release;
		};
		38EEBDA623E252D3003869E5 /* Debug */ = {
			isa = XCBuildConfiguration;
			buildSettings = {
				ASSETCATALOG_COMPILER_APPICON_NAME = AppIcon;
				CODE_SIGN_STYLE = Automatic;
				DEVELOPMENT_TEAM = KSV5RQ2S7L;
				INFOPLIST_FILE = "RSS-Generator/Info.plist";
				LD_RUNPATH_SEARCH_PATHS = (
					"$(inherited)",
					"@executable_path/Frameworks",
				);
				PRODUCT_BUNDLE_IDENTIFIER = "zijia.RSS-Generator";
				PRODUCT_NAME = "$(TARGET_NAME)";
				SWIFT_VERSION = 4.2;
				TARGETED_DEVICE_FAMILY = 1;
			};
			name = Debug;
		};
		38EEBDA723E252D3003869E5 /* Release */ = {
			isa = XCBuildConfiguration;
			buildSettings = {
				ASSETCATALOG_COMPILER_APPICON_NAME = AppIcon;
				CODE_SIGN_STYLE = Automatic;
				DEVELOPMENT_TEAM = KSV5RQ2S7L;
				INFOPLIST_FILE = "RSS-Generator/Info.plist";
				LD_RUNPATH_SEARCH_PATHS = (
					"$(inherited)",
					"@executable_path/Frameworks",
				);
				PRODUCT_BUNDLE_IDENTIFIER = "zijia.RSS-Generator";
				PRODUCT_NAME = "$(TARGET_NAME)";
				SWIFT_VERSION = 4.2;
				TARGETED_DEVICE_FAMILY = 1;
			};
			name = Release;
		};
		38EEBDA923E252D3003869E5 /* Debug */ = {
			isa = XCBuildConfiguration;
			buildSettings = {
				ALWAYS_EMBED_SWIFT_STANDARD_LIBRARIES = YES;
				BUNDLE_LOADER = "$(TEST_HOST)";
				CODE_SIGN_STYLE = Automatic;
				DEVELOPMENT_TEAM = KSV5RQ2S7L;
				INFOPLIST_FILE = "RSS-GeneratorTests/Info.plist";
				LD_RUNPATH_SEARCH_PATHS = (
					"$(inherited)",
					"@executable_path/Frameworks",
					"@loader_path/Frameworks",
				);
				PRODUCT_BUNDLE_IDENTIFIER = "zijia.RSS-GeneratorTests";
				PRODUCT_NAME = "$(TARGET_NAME)";
				SWIFT_VERSION = 4.2;
				TARGETED_DEVICE_FAMILY = "1,2";
				TEST_HOST = "$(BUILT_PRODUCTS_DIR)/RSS-Generator.app/RSS-Generator";
			};
			name = Debug;
		};
		38EEBDAA23E252D3003869E5 /* Release */ = {
			isa = XCBuildConfiguration;
			buildSettings = {
				ALWAYS_EMBED_SWIFT_STANDARD_LIBRARIES = YES;
				BUNDLE_LOADER = "$(TEST_HOST)";
				CODE_SIGN_STYLE = Automatic;
				DEVELOPMENT_TEAM = KSV5RQ2S7L;
				INFOPLIST_FILE = "RSS-GeneratorTests/Info.plist";
				LD_RUNPATH_SEARCH_PATHS = (
					"$(inherited)",
					"@executable_path/Frameworks",
					"@loader_path/Frameworks",
				);
				PRODUCT_BUNDLE_IDENTIFIER = "zijia.RSS-GeneratorTests";
				PRODUCT_NAME = "$(TARGET_NAME)";
				SWIFT_VERSION = 4.2;
				TARGETED_DEVICE_FAMILY = "1,2";
				TEST_HOST = "$(BUILT_PRODUCTS_DIR)/RSS-Generator.app/RSS-Generator";
			};
			name = Release;
		};
		38EEBDAC23E252D3003869E5 /* Debug */ = {
			isa = XCBuildConfiguration;
			buildSettings = {
				ALWAYS_EMBED_SWIFT_STANDARD_LIBRARIES = YES;
				CODE_SIGN_STYLE = Automatic;
				DEVELOPMENT_TEAM = KSV5RQ2S7L;
				INFOPLIST_FILE = "RSS-GeneratorUITests/Info.plist";
				LD_RUNPATH_SEARCH_PATHS = (
					"$(inherited)",
					"@executable_path/Frameworks",
					"@loader_path/Frameworks",
				);
				PRODUCT_BUNDLE_IDENTIFIER = "zijia.RSS-GeneratorUITests";
				PRODUCT_NAME = "$(TARGET_NAME)";
				SWIFT_VERSION = 4.2;
				TARGETED_DEVICE_FAMILY = "1,2";
				TEST_TARGET_NAME = "RSS-Generator";
			};
			name = Debug;
		};
		38EEBDAD23E252D3003869E5 /* Release */ = {
			isa = XCBuildConfiguration;
			buildSettings = {
				ALWAYS_EMBED_SWIFT_STANDARD_LIBRARIES = YES;
				CODE_SIGN_STYLE = Automatic;
				DEVELOPMENT_TEAM = KSV5RQ2S7L;
				INFOPLIST_FILE = "RSS-GeneratorUITests/Info.plist";
				LD_RUNPATH_SEARCH_PATHS = (
					"$(inherited)",
					"@executable_path/Frameworks",
					"@loader_path/Frameworks",
				);
				PRODUCT_BUNDLE_IDENTIFIER = "zijia.RSS-GeneratorUITests";
				PRODUCT_NAME = "$(TARGET_NAME)";
				SWIFT_VERSION = 4.2;
				TARGETED_DEVICE_FAMILY = "1,2";
				TEST_TARGET_NAME = "RSS-Generator";
			};
			name = Release;
		};
/* End XCBuildConfiguration section */

/* Begin XCConfigurationList section */
		38EEBD7823E252D2003869E5 /* Build configuration list for PBXProject "RSS-Generator" */ = {
			isa = XCConfigurationList;
			buildConfigurations = (
				38EEBDA323E252D3003869E5 /* Debug */,
				38EEBDA423E252D3003869E5 /* Release */,
			);
			defaultConfigurationIsVisible = 0;
			defaultConfigurationName = Release;
		};
		38EEBDA523E252D3003869E5 /* Build configuration list for PBXNativeTarget "RSS-Generator" */ = {
			isa = XCConfigurationList;
			buildConfigurations = (
				38EEBDA623E252D3003869E5 /* Debug */,
				38EEBDA723E252D3003869E5 /* Release */,
			);
			defaultConfigurationIsVisible = 0;
			defaultConfigurationName = Release;
		};
		38EEBDA823E252D3003869E5 /* Build configuration list for PBXNativeTarget "RSS-GeneratorTests" */ = {
			isa = XCConfigurationList;
			buildConfigurations = (
				38EEBDA923E252D3003869E5 /* Debug */,
				38EEBDAA23E252D3003869E5 /* Release */,
			);
			defaultConfigurationIsVisible = 0;
			defaultConfigurationName = Release;
		};
		38EEBDAB23E252D3003869E5 /* Build configuration list for PBXNativeTarget "RSS-GeneratorUITests" */ = {
			isa = XCConfigurationList;
			buildConfigurations = (
				38EEBDAC23E252D3003869E5 /* Debug */,
				38EEBDAD23E252D3003869E5 /* Release */,
			);
			defaultConfigurationIsVisible = 0;
			defaultConfigurationName = Release;
		};
/* End XCConfigurationList section */
	};
	rootObject = 38EEBD7523E252D2003869E5 /* Project object */;
}
